
Microsoft Visual Studio Solution File, Format Version 12.00
# Visual Studio Version 16
VisualStudioVersion = 16.0.30104.148
MinimumVisualStudioVersion = 10.0.40219.1
Project("{8BC9CEB8-8B4A-11D0-8D11-00A0C91BC942}") = "OpenGLTest", "OpenGLTest\OpenGLTest.vcxproj", "{9941622D-2309-4F45-9014-A23532CDCDCF}"
EndProject
Global
	GlobalSection(SolutionConfigurationPlatforms) = preSolution
		Debug|x64 = Debug|x64
		Debug|x86 = Debug|x86
		Release|x64 = Release|x64
		Release|x86 = Release|x86
	EndGlobalSection
	GlobalSection(ProjectConfigurationPlatforms) = postSolution
		{9941622D-2309-4F45-9014-A23532CDCDCF}.Debug|x64.ActiveCfg = Debug|x64
		{9941622D-2309-4F45-9014-A23532CDCDCF}.Debug|x64.Build.0 = Debug|x64
		{9941622D-2309-4F45-9014-A23532CDCDCF}.Debug|x86.ActiveCfg = Debug|Win32
		{9941622D-2309-4F45-9014-A23532CDCDCF}.Debug|x86.Build.0 = Debug|Win32
		{9941622D-2309-4F45-9014-A23532CDCDCF}.Release|x64.ActiveCfg = Release|x64
		{9941622D-2309-4F45-9014-A23532CDCDCF}.Release|x64.Build.0 = Release|x64
		{9941622D-2309-4F45-9014-A23532CDCDCF}.Release|x86.ActiveCfg = Release|Win32
		{9941622D-2309-4F45-9014-A23532CDCDCF}.Release|x86.Build.0 = Release|Win32
	EndGlobalSection
	GlobalSection(SolutionProperties) = preSolution
		HideSolutionNode = FALSE
	EndGlobalSection
	GlobalSection(ExtensibilityGlobals) = postSolution
		SolutionGuid = {FD72A167-BAB1-4CB1-80A2-6A1BCACADB08}
	EndGlobalSection
EndGlobal
